
Microsoft Visual Studio Solution File, Format Version 12.00
# Visual Studio Version 16
VisualStudioVersion = 16.0.30804.86
MinimumVisualStudioVersion = 10.0.40219.1
Project("{9A19103F-16F7-4668-BE54-9A1E7A4F7556}") = "Web", "Web\Web.csproj", "{A777B2A0-9F6F-460F-9B42-8A5683BC441F}"
EndProject
Project("{9A19103F-16F7-4668-BE54-9A1E7A4F7556}") = "Data", "Models\Data.csproj", "{8BB3F0DF-2684-49F5-BE44-7546B6431009}"
EndProject
Project("{9A19103F-16F7-4668-BE54-9A1E7A4F7556}") = "Services", "Services\Services.csproj", "{BA7CA347-C3E3-4DE5-AEC3-66E926E8C243}"
EndProject
Global
	GlobalSection(SolutionConfigurationPlatforms) = preSolution
		Debug|Any CPU = Debug|Any CPU
		Release|Any CPU = Release|Any CPU
	EndGlobalSection
	GlobalSection(ProjectConfigurationPlatforms) = postSolution
		{A777B2A0-9F6F-460F-9B42-8A5683BC441F}.Debug|Any CPU.ActiveCfg = Debug|Any CPU
		{A777B2A0-9F6F-460F-9B42-8A5683BC441F}.Debug|Any CPU.Build.0 = Debug|Any CPU
		{A777B2A0-9F6F-460F-9B42-8A5683BC441F}.Release|Any CPU.ActiveCfg = Release|Any CPU
		{A777B2A0-9F6F-460F-9B42-8A5683BC441F}.Release|Any CPU.Build.0 = Release|Any CPU
		{8BB3F0DF-2684-49F5-BE44-7546B6431009}.Debug|Any CPU.ActiveCfg = Debug|Any CPU
		{8BB3F0DF-2684-49F5-BE44-7546B6431009}.Debug|Any CPU.Build.0 = Debug|Any CPU
		{8BB3F0DF-2684-49F5-BE44-7546B6431009}.Release|Any CPU.ActiveCfg = Release|Any CPU
		{8BB3F0DF-2684-49F5-BE44-7546B6431009}.Release|Any CPU.Build.0 = Release|Any CPU
		{BA7CA347-C3E3-4DE5-AEC3-66E926E8C243}.Debug|Any CPU.ActiveCfg = Debug|Any CPU
		{BA7CA347-C3E3-4DE5-AEC3-66E926E8C243}.Debug|Any CPU.Build.0 = Debug|Any CPU
		{BA7CA347-C3E3-4DE5-AEC3-66E926E8C243}.Release|Any CPU.ActiveCfg = Release|Any CPU
		{BA7CA347-C3E3-4DE5-AEC3-66E926E8C243}.Release|Any CPU.Build.0 = Release|Any CPU
	EndGlobalSection
	GlobalSection(SolutionProperties) = preSolution
		HideSolutionNode = FALSE
	EndGlobalSection
	GlobalSection(ExtensibilityGlobals) = postSolution
		SolutionGuid = {6BBCE4DD-CC5D-4FF7-82D0-543E89BC8706}
	EndGlobalSection
EndGlobal
